
Microsoft Visual Studio Solution File, Format Version 12.00
# Visual Studio Version 16
VisualStudioVersion = 16.0.31515.178
MinimumVisualStudioVersion = 10.0.40219.1
Project("{FAE04EC0-301F-11D3-BF4B-00C04F79EFBC}") = "dae_for_windows_service", "dae_for_windows_service.csproj", "{45873606-BC51-4AC8-B88C-E52488160FC6}"
EndProject
Global
	GlobalSection(SolutionConfigurationPlatforms) = preSolution
		Debug|Any CPU = Debug|Any CPU
		Debug|x64 = Debug|x64
		Release|Any CPU = Release|Any CPU
		Release|x64 = Release|x64
	EndGlobalSection
	GlobalSection(ProjectConfigurationPlatforms) = postSolution
		{45873606-BC51-4AC8-B88C-E52488160FC6}.Debug|Any CPU.ActiveCfg = Debug|Any CPU
		{45873606-BC51-4AC8-B88C-E52488160FC6}.Debug|Any CPU.Build.0 = Debug|Any CPU
		{45873606-BC51-4AC8-B88C-E52488160FC6}.Debug|x64.ActiveCfg = Debug|x64
		{45873606-BC51-4AC8-B88C-E52488160FC6}.Debug|x64.Build.0 = Debug|x64
		{45873606-BC51-4AC8-B88C-E52488160FC6}.Release|Any CPU.ActiveCfg = Release|Any CPU
		{45873606-BC51-4AC8-B88C-E52488160FC6}.Release|Any CPU.Build.0 = Release|Any CPU
		{45873606-BC51-4AC8-B88C-E52488160FC6}.Release|x64.ActiveCfg = Release|x64
		{45873606-BC51-4AC8-B88C-E52488160FC6}.Release|x64.Build.0 = Release|x64
	EndGlobalSection
	GlobalSection(SolutionProperties) = preSolution
		HideSolutionNode = FALSE
	EndGlobalSection
	GlobalSection(ExtensibilityGlobals) = postSolution
		SolutionGuid = {29180C88-AA6D-4A97-8CAE-C34426D33620}
	EndGlobalSection
EndGlobal
